# This file is automatically @generated by Poetry and should not be changed by hand.

[[package]]
name = "mysql-connector-python"
version = "8.0.29"
description = "MySQL driver written in Python"
category = "main"
optional = false
python-versions = "*"
files = [
    {file = "mysql-connector-python-8.0.29.tar.gz", hash = "sha256:29ec05ded856b4da4e47239f38489c03b31673ae0f46a090d0e4e29c670e6181"},
    {file = "mysql_connector_python-8.0.29-cp310-cp310-macosx_11_0_x86_64.whl", hash = "sha256:bed43ea3a11f8d4e7c2e3f20c891214e68b45451314f91fddf9ca701de7a53ac"},
    {file = "mysql_connector_python-8.0.29-cp310-cp310-manylinux1_i686.whl", hash = "sha256:6e2267ad75b37b5e1c480cde77cdc4f795427a54266ead30aabcdbf75ac70064"},
    {file = "mysql_connector_python-8.0.29-cp310-cp310-manylinux1_x86_64.whl", hash = "sha256:d5afb766b379111942d4260f29499f93355823c7241926471d843c9281fe477c"},
    {file = "mysql_connector_python-8.0.29-cp310-cp310-win_amd64.whl", hash = "sha256:4de5959e27038cbd11dfccb1afaa2fd258c013e59d3e15709dd1992086103050"},
    {file = "mysql_connector_python-8.0.29-cp37-cp37m-macosx_11_0_x86_64.whl", hash = "sha256:895135cde57622edf48e1fce3beb4ed85f18332430d48f5c1d9630d49f7712b0"},
    {file = "mysql_connector_python-8.0.29-cp37-cp37m-manylinux1_i686.whl", hash = "sha256:fdd262d8538aa504475f8860cfda939a297d3b213c8d15f7ceed52508aeb2aa3"},
    {file = "mysql_connector_python-8.0.29-cp37-cp37m-manylinux1_x86_64.whl", hash = "sha256:89597c091c4f25b6e023cbbcd32be73affbb0b44256761fe3b8e1d4b14d14d02"},
    {file = "mysql_connector_python-8.0.29-cp37-cp37m-win_amd64.whl", hash = "sha256:ab0e9d9b5fc114b78dfa9c74e8bfa30b48fcfa17dbb9241ad6faada08a589900"},
    {file = "mysql_connector_python-8.0.29-cp38-cp38-macosx_11_0_x86_64.whl", hash = "sha256:245087999f081b389d66621f2abfe2463e3927f63c7c4c0f70ce0f82786ccb93"},
    {file = "mysql_connector_python-8.0.29-cp38-cp38-manylinux1_i686.whl", hash = "sha256:5eef51e48b22aadd633563bbdaf02112d98d954a4ead53f72fde283ea3f88152"},
    {file = "mysql_connector_python-8.0.29-cp38-cp38-manylinux1_x86_64.whl", hash = "sha256:b7dccd7f72f19c97b58428ebf8e709e24eb7e9b67a408af7e77b60efde44bea4"},
    {file = "mysql_connector_python-8.0.29-cp38-cp38-win_amd64.whl", hash = "sha256:7be3aeff73b85eab3af2a1e80c053a98cbcb99e142192e551ebd4c1e41ce2596"},
    {file = "mysql_connector_python-8.0.29-cp39-cp39-macosx_11_0_x86_64.whl", hash = "sha256:a7fd6a71df824f5a7d9a94060598d67b3a32eeccdc9837ee2cd98a44e2536cae"},
    {file = "mysql_connector_python-8.0.29-cp39-cp39-manylinux1_i686.whl", hash = "sha256:fd608c288f596c4c8767d9a8e90f129385bd19ee6e3adaf6974ad8012c6138b8"},
    {file = "mysql_connector_python-8.0.29-cp39-cp39-manylinux1_x86_64.whl", hash = "sha256:f353893481476a537cca7afd4e81e0ed84dd2173932b7f1721ab3e3351cbf324"},
    {file = "mysql_connector_python-8.0.29-cp39-cp39-win_amd64.whl", hash = "sha256:1bef2a4a2b529c6e9c46414100ab7032c252244e8a9e017d2b6a41bb9cea9312"},
    {file = "mysql_connector_python-8.0.29-py2.py3-none-any.whl", hash = "sha256:047420715bbb51d3cba78de446c8a6db4666459cd23e168568009c620a3f5b90"},
]

[package.dependencies]
protobuf = ">=3.0.0"

[package.extras]
compression = ["lz4 (>=2.1.6)", "zstandard (>=0.12.0)"]
dns-srv = ["dnspython (>=1.16.0)"]
gssapi = ["gssapi (>=1.6.9)"]

[[package]]
name = "protobuf"
version = "4.21.12"
description = ""
category = "main"
optional = false
python-versions = ">=3.7"
files = [
    {file = "protobuf-4.21.12-cp310-abi3-win32.whl", hash = "sha256:b135410244ebe777db80298297a97fbb4c862c881b4403b71bac9d4107d61fd1"},
    {file = "protobuf-4.21.12-cp310-abi3-win_amd64.whl", hash = "sha256:89f9149e4a0169cddfc44c74f230d7743002e3aa0b9472d8c28f0388102fc4c2"},
    {file = "protobuf-4.21.12-cp37-abi3-macosx_10_9_universal2.whl", hash = "sha256:299ea899484ee6f44604deb71f424234f654606b983cb496ea2a53e3c63ab791"},
    {file = "protobuf-4.21.12-cp37-abi3-manylinux2014_aarch64.whl", hash = "sha256:d1736130bce8cf131ac7957fa26880ca19227d4ad68b4888b3be0dea1f95df97"},
    {file = "protobuf-4.21.12-cp37-abi3-manylinux2014_x86_64.whl", hash = "sha256:78a28c9fa223998472886c77042e9b9afb6fe4242bd2a2a5aced88e3f4422aa7"},
    {file = "protobuf-4.21.12-cp37-cp37m-win32.whl", hash = "sha256:3d164928ff0727d97022957c2b849250ca0e64777ee31efd7d6de2e07c494717"},
    {file = "protobuf-4.21.12-cp37-cp37m-win_amd64.whl", hash = "sha256:f45460f9ee70a0ec1b6694c6e4e348ad2019275680bd68a1d9314b8c7e01e574"},
    {file = "protobuf-4.21.12-cp38-cp38-win32.whl", hash = "sha256:6ab80df09e3208f742c98443b6166bcb70d65f52cfeb67357d52032ea1ae9bec"},
    {file = "protobuf-4.21.12-cp38-cp38-win_amd64.whl", hash = "sha256:1f22ac0ca65bb70a876060d96d914dae09ac98d114294f77584b0d2644fa9c30"},
    {file = "protobuf-4.21.12-cp39-cp39-win32.whl", hash = "sha256:27f4d15021da6d2b706ddc3860fac0a5ddaba34ab679dc182b60a8bb4e1121cc"},
    {file = "protobuf-4.21.12-cp39-cp39-win_amd64.whl", hash = "sha256:237216c3326d46808a9f7c26fd1bd4b20015fb6867dc5d263a493ef9a539293b"},
    {file = "protobuf-4.21.12-py2.py3-none-any.whl", hash = "sha256:a53fd3f03e578553623272dc46ac2f189de23862e68565e83dde203d41b76fc5"},
    {file = "protobuf-4.21.12-py3-none-any.whl", hash = "sha256:b98d0148f84e3a3c569e19f52103ca1feacdac0d2df8d6533cf983d1fda28462"},
    {file = "protobuf-4.21.12.tar.gz", hash = "sha256:7cd532c4566d0e6feafecc1059d04c7915aec8e182d1cf7adee8b24ef1e2e6ab"},
]

[metadata]
lock-version = "2.0"
python-versions = "^3.10"
content-hash = "ed01d26e74c3720d3c13c684be4b96a9fbe0996ca5b249db02bdc01c76145d57"
